
Microsoft Visual Studio Solution File, Format Version 12.00
# Visual Studio Version 16
VisualStudioVersion = 16.0.29911.84
MinimumVisualStudioVersion = 10.0.40219.1
Project("{2150E333-8FDC-42A3-9474-1A3956D46DE8}") = "Infrastructure", "Infrastructure", "{A8676DF9-A05B-4A78-BF42-CC8133ED7DED}"
	ProjectSection(SolutionItems) = preProject
		.editorconfig = .editorconfig
		Directory.Build.props = Directory.Build.props
		stylecop.json = stylecop.json
	EndProjectSection
EndProject
Project("{9A19103F-16F7-4668-BE54-9A1E7A4F7556}") = "SkyTools.Common", "SkyTools.Common\SkyTools.Common.csproj", "{5A76356B-E370-4914-BC04-A6552F4DA385}"
EndProject
Project("{9A19103F-16F7-4668-BE54-9A1E7A4F7556}") = "SkyTools.Patching", "SkyTools.Patching\SkyTools.Patching.csproj", "{1D5890BC-F931-4ECA-AECB-94D947C18C28}"
EndProject
Global
	GlobalSection(SolutionConfigurationPlatforms) = preSolution
		Debug|Any CPU = Debug|Any CPU
		Release|Any CPU = Release|Any CPU
	EndGlobalSection
	GlobalSection(ProjectConfigurationPlatforms) = postSolution
		{5A76356B-E370-4914-BC04-A6552F4DA385}.Debug|Any CPU.ActiveCfg = Debug|Any CPU
		{5A76356B-E370-4914-BC04-A6552F4DA385}.Debug|Any CPU.Build.0 = Debug|Any CPU
		{5A76356B-E370-4914-BC04-A6552F4DA385}.Release|Any CPU.ActiveCfg = Release|Any CPU
		{5A76356B-E370-4914-BC04-A6552F4DA385}.Release|Any CPU.Build.0 = Release|Any CPU
		{1D5890BC-F931-4ECA-AECB-94D947C18C28}.Debug|Any CPU.ActiveCfg = Debug|Any CPU
		{1D5890BC-F931-4ECA-AECB-94D947C18C28}.Debug|Any CPU.Build.0 = Debug|Any CPU
		{1D5890BC-F931-4ECA-AECB-94D947C18C28}.Release|Any CPU.ActiveCfg = Release|Any CPU
		{1D5890BC-F931-4ECA-AECB-94D947C18C28}.Release|Any CPU.Build.0 = Release|Any CPU
	EndGlobalSection
	GlobalSection(SolutionProperties) = preSolution
		HideSolutionNode = FALSE
	EndGlobalSection
	GlobalSection(ExtensibilityGlobals) = postSolution
		SolutionGuid = {815A146A-2F2A-432C-8F0B-001E39D48DB9}
	EndGlobalSection
EndGlobal
